
Microsoft Visual Studio Solution File, Format Version 12.00
# Visual Studio 15
VisualStudioVersion = 15.0.27130.2026
MinimumVisualStudioVersion = 10.0.40219.1
Project("{8BC9CEB8-8B4A-11D0-8D11-00A0C91BC942}") = "gpgoap", "gpgoap\gpgoap.vcxproj", "{075B47A6-4866-4F4D-85D9-4D114B4A982B}"
EndProject
Project("{8BC9CEB8-8B4A-11D0-8D11-00A0C91BC942}") = "Test", "Test\Test.vcxproj", "{67A0BC84-FC6A-438F-9514-90DDF742CE95}"
	ProjectSection(ProjectDependencies) = postProject
		{075B47A6-4866-4F4D-85D9-4D114B4A982B} = {075B47A6-4866-4F4D-85D9-4D114B4A982B}
	EndProjectSection
EndProject
Project("{8BC9CEB8-8B4A-11D0-8D11-00A0C91BC942}") = "CRoaringTest", "CRoaringTest\CRoaringTest.vcxproj", "{BA12C598-71CC-4457-A044-83DEB39604A5}"
EndProject
Project("{8BC9CEB8-8B4A-11D0-8D11-00A0C91BC942}") = "reference", "reference\reference.vcxproj", "{F8A23A95-9672-4E40-A85A-D42A0AC35625}"
EndProject
Project("{8BC9CEB8-8B4A-11D0-8D11-00A0C91BC942}") = "Vcl", "Vcl\Vcl.vcxproj", "{121F4C97-B0F4-4B70-8A06-288C81DF8C50}"
EndProject
Project("{8BC9CEB8-8B4A-11D0-8D11-00A0C91BC942}") = "goappp", "goappp\goappp.vcxproj", "{846223DE-30FC-4E52-8FC6-78143E8C625C}"
EndProject
Project("{8BC9CEB8-8B4A-11D0-8D11-00A0C91BC942}") = "tree", "tree\tree.vcxproj", "{716C7DCB-EE24-4877-83A6-693863EEBD35}"
EndProject
Global
	GlobalSection(SolutionConfigurationPlatforms) = preSolution
		Debug|x64 = Debug|x64
		Release|x64 = Release|x64
	EndGlobalSection
	GlobalSection(ProjectConfigurationPlatforms) = postSolution
		{075B47A6-4866-4F4D-85D9-4D114B4A982B}.Debug|x64.ActiveCfg = Debug|x64
		{075B47A6-4866-4F4D-85D9-4D114B4A982B}.Debug|x64.Build.0 = Debug|x64
		{075B47A6-4866-4F4D-85D9-4D114B4A982B}.Release|x64.ActiveCfg = Release|x64
		{075B47A6-4866-4F4D-85D9-4D114B4A982B}.Release|x64.Build.0 = Release|x64
		{67A0BC84-FC6A-438F-9514-90DDF742CE95}.Debug|x64.ActiveCfg = Debug|x64
		{67A0BC84-FC6A-438F-9514-90DDF742CE95}.Debug|x64.Build.0 = Debug|x64
		{67A0BC84-FC6A-438F-9514-90DDF742CE95}.Release|x64.ActiveCfg = Release|x64
		{67A0BC84-FC6A-438F-9514-90DDF742CE95}.Release|x64.Build.0 = Release|x64
		{BA12C598-71CC-4457-A044-83DEB39604A5}.Debug|x64.ActiveCfg = Debug|x64
		{BA12C598-71CC-4457-A044-83DEB39604A5}.Debug|x64.Build.0 = Debug|x64
		{BA12C598-71CC-4457-A044-83DEB39604A5}.Release|x64.ActiveCfg = Release|x64
		{BA12C598-71CC-4457-A044-83DEB39604A5}.Release|x64.Build.0 = Release|x64
		{F8A23A95-9672-4E40-A85A-D42A0AC35625}.Debug|x64.ActiveCfg = Debug|x64
		{F8A23A95-9672-4E40-A85A-D42A0AC35625}.Debug|x64.Build.0 = Debug|x64
		{F8A23A95-9672-4E40-A85A-D42A0AC35625}.Release|x64.ActiveCfg = Release|x64
		{F8A23A95-9672-4E40-A85A-D42A0AC35625}.Release|x64.Build.0 = Release|x64
		{121F4C97-B0F4-4B70-8A06-288C81DF8C50}.Debug|x64.ActiveCfg = Debug|x64
		{121F4C97-B0F4-4B70-8A06-288C81DF8C50}.Debug|x64.Build.0 = Debug|x64
		{121F4C97-B0F4-4B70-8A06-288C81DF8C50}.Release|x64.ActiveCfg = Release|x64
		{121F4C97-B0F4-4B70-8A06-288C81DF8C50}.Release|x64.Build.0 = Release|x64
		{846223DE-30FC-4E52-8FC6-78143E8C625C}.Debug|x64.ActiveCfg = Debug|x64
		{846223DE-30FC-4E52-8FC6-78143E8C625C}.Debug|x64.Build.0 = Debug|x64
		{846223DE-30FC-4E52-8FC6-78143E8C625C}.Release|x64.ActiveCfg = Release|x64
		{846223DE-30FC-4E52-8FC6-78143E8C625C}.Release|x64.Build.0 = Release|x64
		{716C7DCB-EE24-4877-83A6-693863EEBD35}.Debug|x64.ActiveCfg = Debug|x64
		{716C7DCB-EE24-4877-83A6-693863EEBD35}.Debug|x64.Build.0 = Debug|x64
		{716C7DCB-EE24-4877-83A6-693863EEBD35}.Release|x64.ActiveCfg = Release|x64
		{716C7DCB-EE24-4877-83A6-693863EEBD35}.Release|x64.Build.0 = Release|x64
	EndGlobalSection
	GlobalSection(SolutionProperties) = preSolution
		HideSolutionNode = FALSE
	EndGlobalSection
	GlobalSection(ExtensibilityGlobals) = postSolution
		SolutionGuid = {5F61DDD9-DD1D-4C3A-AAD5-A6A98BAC12EF}
	EndGlobalSection
EndGlobal
